
Microsoft Visual Studio Solution File, Format Version 12.00
# Visual Studio 15
VisualStudioVersion = 15.0.28307.1022
MinimumVisualStudioVersion = 10.0.40219.1
Project("{FAE04EC0-301F-11D3-BF4B-00C04F79EFBC}") = "ASPLOGIN", "ASPLOGIN\ASPLOGIN.csproj", "{FEC0A0DC-B382-41DF-95B7-91F42CDAE226}"
EndProject
Project("{FAE04EC0-301F-11D3-BF4B-00C04F79EFBC}") = "DatosAcceso", "DatosAcceso\DatosAcceso.csproj", "{B6EE9A82-4926-4D19-A674-65D3E03E8145}"
EndProject
Project("{FAE04EC0-301F-11D3-BF4B-00C04F79EFBC}") = "LogicaNego", "LogicaNego\LogicaNego.csproj", "{AD184ED8-B0ED-4A57-B949-76099FA5DEBA}"
EndProject
Global
	GlobalSection(SolutionConfigurationPlatforms) = preSolution
		Debug|Any CPU = Debug|Any CPU
		Release|Any CPU = Release|Any CPU
	EndGlobalSection
	GlobalSection(ProjectConfigurationPlatforms) = postSolution
		{FEC0A0DC-B382-41DF-95B7-91F42CDAE226}.Debug|Any CPU.ActiveCfg = Debug|Any CPU
		{FEC0A0DC-B382-41DF-95B7-91F42CDAE226}.Debug|Any CPU.Build.0 = Debug|Any CPU
		{FEC0A0DC-B382-41DF-95B7-91F42CDAE226}.Release|Any CPU.ActiveCfg = Release|Any CPU
		{FEC0A0DC-B382-41DF-95B7-91F42CDAE226}.Release|Any CPU.Build.0 = Release|Any CPU
		{B6EE9A82-4926-4D19-A674-65D3E03E8145}.Debug|Any CPU.ActiveCfg = Debug|Any CPU
		{B6EE9A82-4926-4D19-A674-65D3E03E8145}.Debug|Any CPU.Build.0 = Debug|Any CPU
		{B6EE9A82-4926-4D19-A674-65D3E03E8145}.Release|Any CPU.ActiveCfg = Release|Any CPU
		{B6EE9A82-4926-4D19-A674-65D3E03E8145}.Release|Any CPU.Build.0 = Release|Any CPU
		{AD184ED8-B0ED-4A57-B949-76099FA5DEBA}.Debug|Any CPU.ActiveCfg = Debug|Any CPU
		{AD184ED8-B0ED-4A57-B949-76099FA5DEBA}.Debug|Any CPU.Build.0 = Debug|Any CPU
		{AD184ED8-B0ED-4A57-B949-76099FA5DEBA}.Release|Any CPU.ActiveCfg = Release|Any CPU
		{AD184ED8-B0ED-4A57-B949-76099FA5DEBA}.Release|Any CPU.Build.0 = Release|Any CPU
	EndGlobalSection
	GlobalSection(SolutionProperties) = preSolution
		HideSolutionNode = FALSE
	EndGlobalSection
	GlobalSection(ExtensibilityGlobals) = postSolution
		SolutionGuid = {8C5B5C9B-C264-4602-B7B3-61D8BBFBC3DB}
	EndGlobalSection
EndGlobal
